
Microsoft Visual Studio Solution File, Format Version 12.00
# Visual Studio Version 17
VisualStudioVersion = 17.4.33110.190
MinimumVisualStudioVersion = 10.0.40219.1
Project("{2150E333-8FDC-42A3-9474-1A3956D46DE8}") = "CMakePredefinedTargets", "CMakePredefinedTargets", "{F654CB99-9F00-38E4-ACE7-B4DE8F304487}"
EndProject
Project("{2150E333-8FDC-42A3-9474-1A3956D46DE8}") = "External", "External", "{ED653787-FF0D-35B9-B07D-2BC2B9690CAF}"
EndProject
Project("{2150E333-8FDC-42A3-9474-1A3956D46DE8}") = "Internal", "Internal", "{CB99F84C-7317-358E-AF2C-CD7D408840EE}"
EndProject
Project("{2150E333-8FDC-42A3-9474-1A3956D46DE8}") = "Utils", "Utils", "{63922939-A4A5-39D9-9C8A-7E5C6F3A9F5B}"
EndProject
Project("{8BC9CEB8-8B4A-11D0-8D11-00A0C91BC942}") = "Projet", "Projet.vcxproj", "{18A0AF87-D7D4-3FF1-AEB6-F510266AD061}"
	ProjectSection(ProjectDependencies) = postProject
		{E32287D4-5EF6-3319-B7C1-F71CFE59F14B} = {E32287D4-5EF6-3319-B7C1-F71CFE59F14B}
		{E8558A72-1D09-328E-9D49-AD6E7F0ABE83} = {E8558A72-1D09-328E-9D49-AD6E7F0ABE83}
		{F785B5E7-BB55-3C8C-92C1-A99E3FAF1571} = {F785B5E7-BB55-3C8C-92C1-A99E3FAF1571}
		{7700437E-840B-3080-B081-39AEBF97D675} = {7700437E-840B-3080-B081-39AEBF97D675}
		{FC5083B1-CE70-36E8-A9B0-43CF6BC85A29} = {FC5083B1-CE70-36E8-A9B0-43CF6BC85A29}
		{ABD3F716-BFD7-301D-ADB3-720DC2E93457} = {ABD3F716-BFD7-301D-ADB3-720DC2E93457}
		{7D5952AE-9CCA-3CBF-826F-025D90A6F4F7} = {7D5952AE-9CCA-3CBF-826F-025D90A6F4F7}
		{C2FCD4A8-4FC2-389A-A748-FE5C1DBEDA80} = {C2FCD4A8-4FC2-389A-A748-FE5C1DBEDA80}
		{7B4D3A54-3895-3779-837C-7051A88CF87E} = {7B4D3A54-3895-3779-837C-7051A88CF87E}
		{0F65F1C0-FEC2-3022-8094-09F94CCDD0D3} = {0F65F1C0-FEC2-3022-8094-09F94CCDD0D3}
		{49D297C4-859F-3EA9-86F6-DA7C661F0D52} = {49D297C4-859F-3EA9-86F6-DA7C661F0D52}
		{C125F135-0671-322B-9965-94EA41D64B5B} = {C125F135-0671-322B-9965-94EA41D64B5B}
		{F3919582-FC6D-3278-BDBC-036224F9DB8A} = {F3919582-FC6D-3278-BDBC-036224F9DB8A}
		{59F49C81-5EF8-3FB6-889C-C3EDF7CEBB65} = {59F49C81-5EF8-3FB6-889C-C3EDF7CEBB65}
	EndProjectSection
EndProject
Project("{8BC9CEB8-8B4A-11D0-8D11-00A0C91BC942}") = "SYNC_RESOURCE-Projet", "SYNC_RESOURCE-Projet.vcxproj", "{E32287D4-5EF6-3319-B7C1-F71CFE59F14B}"
	ProjectSection(ProjectDependencies) = postProject
		{E8558A72-1D09-328E-9D49-AD6E7F0ABE83} = {E8558A72-1D09-328E-9D49-AD6E7F0ABE83}
	EndProjectSection
EndProject
Project("{8BC9CEB8-8B4A-11D0-8D11-00A0C91BC942}") = "ZERO_CHECK", "ZERO_CHECK.vcxproj", "{E8558A72-1D09-328E-9D49-AD6E7F0ABE83}"
EndProject
Project("{8BC9CEB8-8B4A-11D0-8D11-00A0C91BC942}") = "cocos2d", "engine\cocos\core\cocos2d.vcxproj", "{F785B5E7-BB55-3C8C-92C1-A99E3FAF1571}"
	ProjectSection(ProjectDependencies) = postProject
		{E8558A72-1D09-328E-9D49-AD6E7F0ABE83} = {E8558A72-1D09-328E-9D49-AD6E7F0ABE83}
		{7700437E-840B-3080-B081-39AEBF97D675} = {7700437E-840B-3080-B081-39AEBF97D675}
		{FC5083B1-CE70-36E8-A9B0-43CF6BC85A29} = {FC5083B1-CE70-36E8-A9B0-43CF6BC85A29}
		{ABD3F716-BFD7-301D-ADB3-720DC2E93457} = {ABD3F716-BFD7-301D-ADB3-720DC2E93457}
		{7D5952AE-9CCA-3CBF-826F-025D90A6F4F7} = {7D5952AE-9CCA-3CBF-826F-025D90A6F4F7}
		{C2FCD4A8-4FC2-389A-A748-FE5C1DBEDA80} = {C2FCD4A8-4FC2-389A-A748-FE5C1DBEDA80}
		{7B4D3A54-3895-3779-837C-7051A88CF87E} = {7B4D3A54-3895-3779-837C-7051A88CF87E}
		{0F65F1C0-FEC2-3022-8094-09F94CCDD0D3} = {0F65F1C0-FEC2-3022-8094-09F94CCDD0D3}
		{49D297C4-859F-3EA9-86F6-DA7C661F0D52} = {49D297C4-859F-3EA9-86F6-DA7C661F0D52}
		{C125F135-0671-322B-9965-94EA41D64B5B} = {C125F135-0671-322B-9965-94EA41D64B5B}
		{F3919582-FC6D-3278-BDBC-036224F9DB8A} = {F3919582-FC6D-3278-BDBC-036224F9DB8A}
		{59F49C81-5EF8-3FB6-889C-C3EDF7CEBB65} = {59F49C81-5EF8-3FB6-889C-C3EDF7CEBB65}
	EndProjectSection
EndProject
Project("{8BC9CEB8-8B4A-11D0-8D11-00A0C91BC942}") = "ext_clipper", "engine\external\clipper\ext_clipper.vcxproj", "{7700437E-840B-3080-B081-39AEBF97D675}"
	ProjectSection(ProjectDependencies) = postProject
		{E8558A72-1D09-328E-9D49-AD6E7F0ABE83} = {E8558A72-1D09-328E-9D49-AD6E7F0ABE83}
	EndProjectSection
EndProject
Project("{8BC9CEB8-8B4A-11D0-8D11-00A0C91BC942}") = "ext_convertUTF", "engine\external\ConvertUTF\ext_convertUTF.vcxproj", "{FC5083B1-CE70-36E8-A9B0-43CF6BC85A29}"
	ProjectSection(ProjectDependencies) = postProject
		{E8558A72-1D09-328E-9D49-AD6E7F0ABE83} = {E8558A72-1D09-328E-9D49-AD6E7F0ABE83}
	EndProjectSection
EndProject
Project("{8BC9CEB8-8B4A-11D0-8D11-00A0C91BC942}") = "ext_edtaa3func", "engine\external\edtaa3func\ext_edtaa3func.vcxproj", "{ABD3F716-BFD7-301D-ADB3-720DC2E93457}"
	ProjectSection(ProjectDependencies) = postProject
		{E8558A72-1D09-328E-9D49-AD6E7F0ABE83} = {E8558A72-1D09-328E-9D49-AD6E7F0ABE83}
	EndProjectSection
EndProject
Project("{8BC9CEB8-8B4A-11D0-8D11-00A0C91BC942}") = "ext_md5", "engine\external\md5\ext_md5.vcxproj", "{7D5952AE-9CCA-3CBF-826F-025D90A6F4F7}"
	ProjectSection(ProjectDependencies) = postProject
		{E8558A72-1D09-328E-9D49-AD6E7F0ABE83} = {E8558A72-1D09-328E-9D49-AD6E7F0ABE83}
	EndProjectSection
EndProject
Project("{8BC9CEB8-8B4A-11D0-8D11-00A0C91BC942}") = "ext_poly2tri", "engine\external\poly2tri\ext_poly2tri.vcxproj", "{C2FCD4A8-4FC2-389A-A748-FE5C1DBEDA80}"
	ProjectSection(ProjectDependencies) = postProject
		{E8558A72-1D09-328E-9D49-AD6E7F0ABE83} = {E8558A72-1D09-328E-9D49-AD6E7F0ABE83}
	EndProjectSection
EndProject
Project("{8BC9CEB8-8B4A-11D0-8D11-00A0C91BC942}") = "ext_recast", "engine\external\recast\ext_recast.vcxproj", "{7B4D3A54-3895-3779-837C-7051A88CF87E}"
	ProjectSection(ProjectDependencies) = postProject
		{E8558A72-1D09-328E-9D49-AD6E7F0ABE83} = {E8558A72-1D09-328E-9D49-AD6E7F0ABE83}
	EndProjectSection
EndProject
Project("{8BC9CEB8-8B4A-11D0-8D11-00A0C91BC942}") = "ext_tinyxml2", "engine\external\tinyxml2\ext_tinyxml2.vcxproj", "{0F65F1C0-FEC2-3022-8094-09F94CCDD0D3}"
	ProjectSection(ProjectDependencies) = postProject
		{E8558A72-1D09-328E-9D49-AD6E7F0ABE83} = {E8558A72-1D09-328E-9D49-AD6E7F0ABE83}
	EndProjectSection
EndProject
Project("{8BC9CEB8-8B4A-11D0-8D11-00A0C91BC942}") = "ext_unzip", "engine\external\unzip\ext_unzip.vcxproj", "{49D297C4-859F-3EA9-86F6-DA7C661F0D52}"
	ProjectSection(ProjectDependencies) = postProject
		{E8558A72-1D09-328E-9D49-AD6E7F0ABE83} = {E8558A72-1D09-328E-9D49-AD6E7F0ABE83}
	EndProjectSection
EndProject
Project("{8BC9CEB8-8B4A-11D0-8D11-00A0C91BC942}") = "ext_xxhash", "engine\external\xxhash\ext_xxhash.vcxproj", "{C125F135-0671-322B-9965-94EA41D64B5B}"
	ProjectSection(ProjectDependencies) = postProject
		{E8558A72-1D09-328E-9D49-AD6E7F0ABE83} = {E8558A72-1D09-328E-9D49-AD6E7F0ABE83}
	EndProjectSection
EndProject
Project("{8BC9CEB8-8B4A-11D0-8D11-00A0C91BC942}") = "ext_xxtea", "engine\external\xxtea\ext_xxtea.vcxproj", "{F3919582-FC6D-3278-BDBC-036224F9DB8A}"
	ProjectSection(ProjectDependencies) = postProject
		{E8558A72-1D09-328E-9D49-AD6E7F0ABE83} = {E8558A72-1D09-328E-9D49-AD6E7F0ABE83}
	EndProjectSection
EndProject
Project("{8BC9CEB8-8B4A-11D0-8D11-00A0C91BC942}") = "external", "engine\external\external.vcxproj", "{59F49C81-5EF8-3FB6-889C-C3EDF7CEBB65}"
	ProjectSection(ProjectDependencies) = postProject
		{E8558A72-1D09-328E-9D49-AD6E7F0ABE83} = {E8558A72-1D09-328E-9D49-AD6E7F0ABE83}
		{7700437E-840B-3080-B081-39AEBF97D675} = {7700437E-840B-3080-B081-39AEBF97D675}
		{FC5083B1-CE70-36E8-A9B0-43CF6BC85A29} = {FC5083B1-CE70-36E8-A9B0-43CF6BC85A29}
		{ABD3F716-BFD7-301D-ADB3-720DC2E93457} = {ABD3F716-BFD7-301D-ADB3-720DC2E93457}
		{7D5952AE-9CCA-3CBF-826F-025D90A6F4F7} = {7D5952AE-9CCA-3CBF-826F-025D90A6F4F7}
		{C2FCD4A8-4FC2-389A-A748-FE5C1DBEDA80} = {C2FCD4A8-4FC2-389A-A748-FE5C1DBEDA80}
		{7B4D3A54-3895-3779-837C-7051A88CF87E} = {7B4D3A54-3895-3779-837C-7051A88CF87E}
		{0F65F1C0-FEC2-3022-8094-09F94CCDD0D3} = {0F65F1C0-FEC2-3022-8094-09F94CCDD0D3}
		{49D297C4-859F-3EA9-86F6-DA7C661F0D52} = {49D297C4-859F-3EA9-86F6-DA7C661F0D52}
		{C125F135-0671-322B-9965-94EA41D64B5B} = {C125F135-0671-322B-9965-94EA41D64B5B}
		{F3919582-FC6D-3278-BDBC-036224F9DB8A} = {F3919582-FC6D-3278-BDBC-036224F9DB8A}
	EndProjectSection
EndProject
Global
	GlobalSection(SolutionConfigurationPlatforms) = preSolution
		Debug|Win32 = Debug|Win32
		MinSizeRel|Win32 = MinSizeRel|Win32
		Release|Win32 = Release|Win32
		RelWithDebInfo|Win32 = RelWithDebInfo|Win32
	EndGlobalSection
	GlobalSection(ProjectConfigurationPlatforms) = postSolution
		{18A0AF87-D7D4-3FF1-AEB6-F510266AD061}.Debug|Win32.ActiveCfg = Debug|Win32
		{18A0AF87-D7D4-3FF1-AEB6-F510266AD061}.Debug|Win32.Build.0 = Debug|Win32
		{18A0AF87-D7D4-3FF1-AEB6-F510266AD061}.MinSizeRel|Win32.ActiveCfg = MinSizeRel|Win32
		{18A0AF87-D7D4-3FF1-AEB6-F510266AD061}.MinSizeRel|Win32.Build.0 = MinSizeRel|Win32
		{18A0AF87-D7D4-3FF1-AEB6-F510266AD061}.Release|Win32.ActiveCfg = Release|Win32
		{18A0AF87-D7D4-3FF1-AEB6-F510266AD061}.Release|Win32.Build.0 = Release|Win32
		{18A0AF87-D7D4-3FF1-AEB6-F510266AD061}.RelWithDebInfo|Win32.ActiveCfg = RelWithDebInfo|Win32
		{18A0AF87-D7D4-3FF1-AEB6-F510266AD061}.RelWithDebInfo|Win32.Build.0 = RelWithDebInfo|Win32
		{E32287D4-5EF6-3319-B7C1-F71CFE59F14B}.Debug|Win32.ActiveCfg = Debug|Win32
		{E32287D4-5EF6-3319-B7C1-F71CFE59F14B}.Debug|Win32.Build.0 = Debug|Win32
		{E32287D4-5EF6-3319-B7C1-F71CFE59F14B}.MinSizeRel|Win32.ActiveCfg = MinSizeRel|Win32
		{E32287D4-5EF6-3319-B7C1-F71CFE59F14B}.MinSizeRel|Win32.Build.0 = MinSizeRel|Win32
		{E32287D4-5EF6-3319-B7C1-F71CFE59F14B}.Release|Win32.ActiveCfg = Release|Win32
		{E32287D4-5EF6-3319-B7C1-F71CFE59F14B}.Release|Win32.Build.0 = Release|Win32
		{E32287D4-5EF6-3319-B7C1-F71CFE59F14B}.RelWithDebInfo|Win32.ActiveCfg = RelWithDebInfo|Win32
		{E32287D4-5EF6-3319-B7C1-F71CFE59F14B}.RelWithDebInfo|Win32.Build.0 = RelWithDebInfo|Win32
		{E8558A72-1D09-328E-9D49-AD6E7F0ABE83}.Debug|Win32.ActiveCfg = Debug|Win32
		{E8558A72-1D09-328E-9D49-AD6E7F0ABE83}.Debug|Win32.Build.0 = Debug|Win32
		{E8558A72-1D09-328E-9D49-AD6E7F0ABE83}.MinSizeRel|Win32.ActiveCfg = MinSizeRel|Win32
		{E8558A72-1D09-328E-9D49-AD6E7F0ABE83}.MinSizeRel|Win32.Build.0 = MinSizeRel|Win32
		{E8558A72-1D09-328E-9D49-AD6E7F0ABE83}.Release|Win32.ActiveCfg = Release|Win32
		{E8558A72-1D09-328E-9D49-AD6E7F0ABE83}.Release|Win32.Build.0 = Release|Win32
		{E8558A72-1D09-328E-9D49-AD6E7F0ABE83}.RelWithDebInfo|Win32.ActiveCfg = RelWithDebInfo|Win32
		{E8558A72-1D09-328E-9D49-AD6E7F0ABE83}.RelWithDebInfo|Win32.Build.0 = RelWithDebInfo|Win32
		{F785B5E7-BB55-3C8C-92C1-A99E3FAF1571}.Debug|Win32.ActiveCfg = Debug|Win32
		{F785B5E7-BB55-3C8C-92C1-A99E3FAF1571}.Debug|Win32.Build.0 = Debug|Win32
		{F785B5E7-BB55-3C8C-92C1-A99E3FAF1571}.MinSizeRel|Win32.ActiveCfg = MinSizeRel|Win32
		{F785B5E7-BB55-3C8C-92C1-A99E3FAF1571}.MinSizeRel|Win32.Build.0 = MinSizeRel|Win32
		{F785B5E7-BB55-3C8C-92C1-A99E3FAF1571}.Release|Win32.ActiveCfg = Release|Win32
		{F785B5E7-BB55-3C8C-92C1-A99E3FAF1571}.Release|Win32.Build.0 = Release|Win32
		{F785B5E7-BB55-3C8C-92C1-A99E3FAF1571}.RelWithDebInfo|Win32.ActiveCfg = RelWithDebInfo|Win32
		{F785B5E7-BB55-3C8C-92C1-A99E3FAF1571}.RelWithDebInfo|Win32.Build.0 = RelWithDebInfo|Win32
		{7700437E-840B-3080-B081-39AEBF97D675}.Debug|Win32.ActiveCfg = Debug|Win32
		{7700437E-840B-3080-B081-39AEBF97D675}.Debug|Win32.Build.0 = Debug|Win32
		{7700437E-840B-3080-B081-39AEBF97D675}.MinSizeRel|Win32.ActiveCfg = MinSizeRel|Win32
		{7700437E-840B-3080-B081-39AEBF97D675}.MinSizeRel|Win32.Build.0 = MinSizeRel|Win32
		{7700437E-840B-3080-B081-39AEBF97D675}.Release|Win32.ActiveCfg = Release|Win32
		{7700437E-840B-3080-B081-39AEBF97D675}.Release|Win32.Build.0 = Release|Win32
		{7700437E-840B-3080-B081-39AEBF97D675}.RelWithDebInfo|Win32.ActiveCfg = RelWithDebInfo|Win32
		{7700437E-840B-3080-B081-39AEBF97D675}.RelWithDebInfo|Win32.Build.0 = RelWithDebInfo|Win32
		{FC5083B1-CE70-36E8-A9B0-43CF6BC85A29}.Debug|Win32.ActiveCfg = Debug|Win32
		{FC5083B1-CE70-36E8-A9B0-43CF6BC85A29}.Debug|Win32.Build.0 = Debug|Win32
		{FC5083B1-CE70-36E8-A9B0-43CF6BC85A29}.MinSizeRel|Win32.ActiveCfg = MinSizeRel|Win32
		{FC5083B1-CE70-36E8-A9B0-43CF6BC85A29}.MinSizeRel|Win32.Build.0 = MinSizeRel|Win32
		{FC5083B1-CE70-36E8-A9B0-43CF6BC85A29}.Release|Win32.ActiveCfg = Release|Win32
		{FC5083B1-CE70-36E8-A9B0-43CF6BC85A29}.Release|Win32.Build.0 = Release|Win32
		{FC5083B1-CE70-36E8-A9B0-43CF6BC85A29}.RelWithDebInfo|Win32.ActiveCfg = RelWithDebInfo|Win32
		{FC5083B1-CE70-36E8-A9B0-43CF6BC85A29}.RelWithDebInfo|Win32.Build.0 = RelWithDebInfo|Win32
		{ABD3F716-BFD7-301D-ADB3-720DC2E93457}.Debug|Win32.ActiveCfg = Debug|Win32
		{ABD3F716-BFD7-301D-ADB3-720DC2E93457}.Debug|Win32.Build.0 = Debug|Win32
		{ABD3F716-BFD7-301D-ADB3-720DC2E93457}.MinSizeRel|Win32.ActiveCfg = MinSizeRel|Win32
		{ABD3F716-BFD7-301D-ADB3-720DC2E93457}.MinSizeRel|Win32.Build.0 = MinSizeRel|Win32
		{ABD3F716-BFD7-301D-ADB3-720DC2E93457}.Release|Win32.ActiveCfg = Release|Win32
		{ABD3F716-BFD7-301D-ADB3-720DC2E93457}.Release|Win32.Build.0 = Release|Win32
		{ABD3F716-BFD7-301D-ADB3-720DC2E93457}.RelWithDebInfo|Win32.ActiveCfg = RelWithDebInfo|Win32
		{ABD3F716-BFD7-301D-ADB3-720DC2E93457}.RelWithDebInfo|Win32.Build.0 = RelWithDebInfo|Win32
		{7D5952AE-9CCA-3CBF-826F-025D90A6F4F7}.Debug|Win32.ActiveCfg = Debug|Win32
		{7D5952AE-9CCA-3CBF-826F-025D90A6F4F7}.Debug|Win32.Build.0 = Debug|Win32
		{7D5952AE-9CCA-3CBF-826F-025D90A6F4F7}.MinSizeRel|Win32.ActiveCfg = MinSizeRel|Win32
		{7D5952AE-9CCA-3CBF-826F-025D90A6F4F7}.MinSizeRel|Win32.Build.0 = MinSizeRel|Win32
		{7D5952AE-9CCA-3CBF-826F-025D90A6F4F7}.Release|Win32.ActiveCfg = Release|Win32
		{7D5952AE-9CCA-3CBF-826F-025D90A6F4F7}.Release|Win32.Build.0 = Release|Win32
		{7D5952AE-9CCA-3CBF-826F-025D90A6F4F7}.RelWithDebInfo|Win32.ActiveCfg = RelWithDebInfo|Win32
		{7D5952AE-9CCA-3CBF-826F-025D90A6F4F7}.RelWithDebInfo|Win32.Build.0 = RelWithDebInfo|Win32
		{C2FCD4A8-4FC2-389A-A748-FE5C1DBEDA80}.Debug|Win32.ActiveCfg = Debug|Win32
		{C2FCD4A8-4FC2-389A-A748-FE5C1DBEDA80}.Debug|Win32.Build.0 = Debug|Win32
		{C2FCD4A8-4FC2-389A-A748-FE5C1DBEDA80}.MinSizeRel|Win32.ActiveCfg = MinSizeRel|Win32
		{C2FCD4A8-4FC2-389A-A748-FE5C1DBEDA80}.MinSizeRel|Win32.Build.0 = MinSizeRel|Win32
		{C2FCD4A8-4FC2-389A-A748-FE5C1DBEDA80}.Release|Win32.ActiveCfg = Release|Win32
		{C2FCD4A8-4FC2-389A-A748-FE5C1DBEDA80}.Release|Win32.Build.0 = Release|Win32
		{C2FCD4A8-4FC2-389A-A748-FE5C1DBEDA80}.RelWithDebInfo|Win32.ActiveCfg = RelWithDebInfo|Win32
		{C2FCD4A8-4FC2-389A-A748-FE5C1DBEDA80}.RelWithDebInfo|Win32.Build.0 = RelWithDebInfo|Win32
		{7B4D3A54-3895-3779-837C-7051A88CF87E}.Debug|Win32.ActiveCfg = Debug|Win32
		{7B4D3A54-3895-3779-837C-7051A88CF87E}.Debug|Win32.Build.0 = Debug|Win32
		{7B4D3A54-3895-3779-837C-7051A88CF87E}.MinSizeRel|Win32.ActiveCfg = MinSizeRel|Win32
		{7B4D3A54-3895-3779-837C-7051A88CF87E}.MinSizeRel|Win32.Build.0 = MinSizeRel|Win32
		{7B4D3A54-3895-3779-837C-7051A88CF87E}.Release|Win32.ActiveCfg = Release|Win32
		{7B4D3A54-3895-3779-837C-7051A88CF87E}.Release|Win32.Build.0 = Release|Win32
		{7B4D3A54-3895-3779-837C-7051A88CF87E}.RelWithDebInfo|Win32.ActiveCfg = RelWithDebInfo|Win32
		{7B4D3A54-3895-3779-837C-7051A88CF87E}.RelWithDebInfo|Win32.Build.0 = RelWithDebInfo|Win32
		{0F65F1C0-FEC2-3022-8094-09F94CCDD0D3}.Debug|Win32.ActiveCfg = Debug|Win32
		{0F65F1C0-FEC2-3022-8094-09F94CCDD0D3}.Debug|Win32.Build.0 = Debug|Win32
		{0F65F1C0-FEC2-3022-8094-09F94CCDD0D3}.MinSizeRel|Win32.ActiveCfg = MinSizeRel|Win32
		{0F65F1C0-FEC2-3022-8094-09F94CCDD0D3}.MinSizeRel|Win32.Build.0 = MinSizeRel|Win32
		{0F65F1C0-FEC2-3022-8094-09F94CCDD0D3}.Release|Win32.ActiveCfg = Release|Win32
		{0F65F1C0-FEC2-3022-8094-09F94CCDD0D3}.Release|Win32.Build.0 = Release|Win32
		{0F65F1C0-FEC2-3022-8094-09F94CCDD0D3}.RelWithDebInfo|Win32.ActiveCfg = RelWithDebInfo|Win32
		{0F65F1C0-FEC2-3022-8094-09F94CCDD0D3}.RelWithDebInfo|Win32.Build.0 = RelWithDebInfo|Win32
		{49D297C4-859F-3EA9-86F6-DA7C661F0D52}.Debug|Win32.ActiveCfg = Debug|Win32
		{49D297C4-859F-3EA9-86F6-DA7C661F0D52}.Debug|Win32.Build.0 = Debug|Win32
		{49D297C4-859F-3EA9-86F6-DA7C661F0D52}.MinSizeRel|Win32.ActiveCfg = MinSizeRel|Win32
		{49D297C4-859F-3EA9-86F6-DA7C661F0D52}.MinSizeRel|Win32.Build.0 = MinSizeRel|Win32
		{49D297C4-859F-3EA9-86F6-DA7C661F0D52}.Release|Win32.ActiveCfg = Release|Win32
		{49D297C4-859F-3EA9-86F6-DA7C661F0D52}.Release|Win32.Build.0 = Release|Win32
		{49D297C4-859F-3EA9-86F6-DA7C661F0D52}.RelWithDebInfo|Win32.ActiveCfg = RelWithDebInfo|Win32
		{49D297C4-859F-3EA9-86F6-DA7C661F0D52}.RelWithDebInfo|Win32.Build.0 = RelWithDebInfo|Win32
		{C125F135-0671-322B-9965-94EA41D64B5B}.Debug|Win32.ActiveCfg = Debug|Win32
		{C125F135-0671-322B-9965-94EA41D64B5B}.Debug|Win32.Build.0 = Debug|Win32
		{C125F135-0671-322B-9965-94EA41D64B5B}.MinSizeRel|Win32.ActiveCfg = MinSizeRel|Win32
		{C125F135-0671-322B-9965-94EA41D64B5B}.MinSizeRel|Win32.Build.0 = MinSizeRel|Win32
		{C125F135-0671-322B-9965-94EA41D64B5B}.Release|Win32.ActiveCfg = Release|Win32
		{C125F135-0671-322B-9965-94EA41D64B5B}.Release|Win32.Build.0 = Release|Win32
		{C125F135-0671-322B-9965-94EA41D64B5B}.RelWithDebInfo|Win32.ActiveCfg = RelWithDebInfo|Win32
		{C125F135-0671-322B-9965-94EA41D64B5B}.RelWithDebInfo|Win32.Build.0 = RelWithDebInfo|Win32
		{F3919582-FC6D-3278-BDBC-036224F9DB8A}.Debug|Win32.ActiveCfg = Debug|Win32
		{F3919582-FC6D-3278-BDBC-036224F9DB8A}.Debug|Win32.Build.0 = Debug|Win32
		{F3919582-FC6D-3278-BDBC-036224F9DB8A}.MinSizeRel|Win32.ActiveCfg = MinSizeRel|Win32
		{F3919582-FC6D-3278-BDBC-036224F9DB8A}.MinSizeRel|Win32.Build.0 = MinSizeRel|Win32
		{F3919582-FC6D-3278-BDBC-036224F9DB8A}.Release|Win32.ActiveCfg = Release|Win32
		{F3919582-FC6D-3278-BDBC-036224F9DB8A}.Release|Win32.Build.0 = Release|Win32
		{F3919582-FC6D-3278-BDBC-036224F9DB8A}.RelWithDebInfo|Win32.ActiveCfg = RelWithDebInfo|Win32
		{F3919582-FC6D-3278-BDBC-036224F9DB8A}.RelWithDebInfo|Win32.Build.0 = RelWithDebInfo|Win32
		{59F49C81-5EF8-3FB6-889C-C3EDF7CEBB65}.Debug|Win32.ActiveCfg = Debug|Win32
		{59F49C81-5EF8-3FB6-889C-C3EDF7CEBB65}.Debug|Win32.Build.0 = Debug|Win32
		{59F49C81-5EF8-3FB6-889C-C3EDF7CEBB65}.MinSizeRel|Win32.ActiveCfg = MinSizeRel|Win32
		{59F49C81-5EF8-3FB6-889C-C3EDF7CEBB65}.MinSizeRel|Win32.Build.0 = MinSizeRel|Win32
		{59F49C81-5EF8-3FB6-889C-C3EDF7CEBB65}.Release|Win32.ActiveCfg = Release|Win32
		{59F49C81-5EF8-3FB6-889C-C3EDF7CEBB65}.Release|Win32.Build.0 = Release|Win32
		{59F49C81-5EF8-3FB6-889C-C3EDF7CEBB65}.RelWithDebInfo|Win32.ActiveCfg = RelWithDebInfo|Win32
		{59F49C81-5EF8-3FB6-889C-C3EDF7CEBB65}.RelWithDebInfo|Win32.Build.0 = RelWithDebInfo|Win32
	EndGlobalSection
	GlobalSection(SolutionProperties) = preSolution
		HideSolutionNode = FALSE
	EndGlobalSection
	GlobalSection(NestedProjects) = preSolution
		{E32287D4-5EF6-3319-B7C1-F71CFE59F14B} = {63922939-A4A5-39D9-9C8A-7E5C6F3A9F5B}
		{E8558A72-1D09-328E-9D49-AD6E7F0ABE83} = {F654CB99-9F00-38E4-ACE7-B4DE8F304487}
		{F785B5E7-BB55-3C8C-92C1-A99E3FAF1571} = {CB99F84C-7317-358E-AF2C-CD7D408840EE}
		{7700437E-840B-3080-B081-39AEBF97D675} = {ED653787-FF0D-35B9-B07D-2BC2B9690CAF}
		{FC5083B1-CE70-36E8-A9B0-43CF6BC85A29} = {ED653787-FF0D-35B9-B07D-2BC2B9690CAF}
		{ABD3F716-BFD7-301D-ADB3-720DC2E93457} = {ED653787-FF0D-35B9-B07D-2BC2B9690CAF}
		{7D5952AE-9CCA-3CBF-826F-025D90A6F4F7} = {ED653787-FF0D-35B9-B07D-2BC2B9690CAF}
		{C2FCD4A8-4FC2-389A-A748-FE5C1DBEDA80} = {ED653787-FF0D-35B9-B07D-2BC2B9690CAF}
		{7B4D3A54-3895-3779-837C-7051A88CF87E} = {ED653787-FF0D-35B9-B07D-2BC2B9690CAF}
		{0F65F1C0-FEC2-3022-8094-09F94CCDD0D3} = {ED653787-FF0D-35B9-B07D-2BC2B9690CAF}
		{49D297C4-859F-3EA9-86F6-DA7C661F0D52} = {ED653787-FF0D-35B9-B07D-2BC2B9690CAF}
		{C125F135-0671-322B-9965-94EA41D64B5B} = {ED653787-FF0D-35B9-B07D-2BC2B9690CAF}
		{F3919582-FC6D-3278-BDBC-036224F9DB8A} = {ED653787-FF0D-35B9-B07D-2BC2B9690CAF}
		{59F49C81-5EF8-3FB6-889C-C3EDF7CEBB65} = {ED653787-FF0D-35B9-B07D-2BC2B9690CAF}
	EndGlobalSection
	GlobalSection(ExtensibilityGlobals) = postSolution
		SolutionGuid = {763BE7C8-F8EA-3ABF-8C04-51B5A5D88FB4}
	EndGlobalSection
EndGlobal
