
Microsoft Visual Studio Solution File, Format Version 12.00
# Visual Studio Version 17
Project("{2150E333-8FDC-42A3-9474-1A3956D46DE8}") = "CMakePredefinedTargets", "CMakePredefinedTargets", "{71E2CF44-4AFB-38EE-93DA-1F4056591746}"
EndProject
Project("{2150E333-8FDC-42A3-9474-1A3956D46DE8}") = "External", "External", "{9AB5FADB-44B8-32B7-A991-0D24AB6C924B}"
EndProject
Project("{2150E333-8FDC-42A3-9474-1A3956D46DE8}") = "Internal", "Internal", "{52B327B9-8E9D-3A48-BAA0-5D92B12915A3}"
EndProject
Project("{8BC9CEB8-8B4A-11D0-8D11-00A0C91BC942}") = "ALL_BUILD", "ALL_BUILD.vcxproj", "{9F045B5D-A6BE-35A3-ACD1-5E995F80916F}"
	ProjectSection(ProjectDependencies) = postProject
		{D4018720-590D-3358-BFD4-A3F8BB3902E6} = {D4018720-590D-3358-BFD4-A3F8BB3902E6}
		{00D176B8-FA6A-3DF8-B0D5-D3354623336C} = {00D176B8-FA6A-3DF8-B0D5-D3354623336C}
		{85191896-EA04-3146-9EEF-143861F34ACB} = {85191896-EA04-3146-9EEF-143861F34ACB}
		{1ABB0E64-AF33-318D-A40F-337C58235566} = {1ABB0E64-AF33-318D-A40F-337C58235566}
		{99DC13CE-ED19-3DA8-B0A2-9529BD9B6A2D} = {99DC13CE-ED19-3DA8-B0A2-9529BD9B6A2D}
		{0C783855-280A-397A-9875-67E0ACFD712D} = {0C783855-280A-397A-9875-67E0ACFD712D}
		{C6F705D2-22AA-3BE5-9FD6-68A4BB1E1BD9} = {C6F705D2-22AA-3BE5-9FD6-68A4BB1E1BD9}
		{FE0AA76A-E5AA-3727-A618-E8CD6A3AA5A8} = {FE0AA76A-E5AA-3727-A618-E8CD6A3AA5A8}
		{20550512-56F6-3443-9E4C-4F9B541228A2} = {20550512-56F6-3443-9E4C-4F9B541228A2}
		{9757B812-64F4-393A-903F-D8B800C3808F} = {9757B812-64F4-393A-903F-D8B800C3808F}
		{C08DB030-9C55-3F5C-8DE5-30BCD5FDBED0} = {C08DB030-9C55-3F5C-8DE5-30BCD5FDBED0}
		{5B099C9D-84BE-3383-BA41-E2D6475D9772} = {5B099C9D-84BE-3383-BA41-E2D6475D9772}
		{4DE798A8-2CF8-37A8-AE4B-6AA71447CA4A} = {4DE798A8-2CF8-37A8-AE4B-6AA71447CA4A}
	EndProjectSection
EndProject
Project("{8BC9CEB8-8B4A-11D0-8D11-00A0C91BC942}") = "ZERO_CHECK", "..\..\..\\ZERO_CHECK.vcxproj", "{D4018720-590D-3358-BFD4-A3F8BB3902E6}"
	ProjectSection(ProjectDependencies) = postProject
	EndProjectSection
EndProject
Project("{8BC9CEB8-8B4A-11D0-8D11-00A0C91BC942}") = "cocos2d", "cocos2d.vcxproj", "{00D176B8-FA6A-3DF8-B0D5-D3354623336C}"
	ProjectSection(ProjectDependencies) = postProject
		{D4018720-590D-3358-BFD4-A3F8BB3902E6} = {D4018720-590D-3358-BFD4-A3F8BB3902E6}
		{85191896-EA04-3146-9EEF-143861F34ACB} = {85191896-EA04-3146-9EEF-143861F34ACB}
		{1ABB0E64-AF33-318D-A40F-337C58235566} = {1ABB0E64-AF33-318D-A40F-337C58235566}
		{99DC13CE-ED19-3DA8-B0A2-9529BD9B6A2D} = {99DC13CE-ED19-3DA8-B0A2-9529BD9B6A2D}
		{0C783855-280A-397A-9875-67E0ACFD712D} = {0C783855-280A-397A-9875-67E0ACFD712D}
		{C6F705D2-22AA-3BE5-9FD6-68A4BB1E1BD9} = {C6F705D2-22AA-3BE5-9FD6-68A4BB1E1BD9}
		{FE0AA76A-E5AA-3727-A618-E8CD6A3AA5A8} = {FE0AA76A-E5AA-3727-A618-E8CD6A3AA5A8}
		{20550512-56F6-3443-9E4C-4F9B541228A2} = {20550512-56F6-3443-9E4C-4F9B541228A2}
		{9757B812-64F4-393A-903F-D8B800C3808F} = {9757B812-64F4-393A-903F-D8B800C3808F}
		{C08DB030-9C55-3F5C-8DE5-30BCD5FDBED0} = {C08DB030-9C55-3F5C-8DE5-30BCD5FDBED0}
		{5B099C9D-84BE-3383-BA41-E2D6475D9772} = {5B099C9D-84BE-3383-BA41-E2D6475D9772}
		{4DE798A8-2CF8-37A8-AE4B-6AA71447CA4A} = {4DE798A8-2CF8-37A8-AE4B-6AA71447CA4A}
	EndProjectSection
EndProject
Project("{8BC9CEB8-8B4A-11D0-8D11-00A0C91BC942}") = "ext_clipper", "..\..\external\clipper\ext_clipper.vcxproj", "{85191896-EA04-3146-9EEF-143861F34ACB}"
	ProjectSection(ProjectDependencies) = postProject
		{D4018720-590D-3358-BFD4-A3F8BB3902E6} = {D4018720-590D-3358-BFD4-A3F8BB3902E6}
	EndProjectSection
EndProject
Project("{8BC9CEB8-8B4A-11D0-8D11-00A0C91BC942}") = "ext_convertUTF", "..\..\external\ConvertUTF\ext_convertUTF.vcxproj", "{1ABB0E64-AF33-318D-A40F-337C58235566}"
	ProjectSection(ProjectDependencies) = postProject
		{D4018720-590D-3358-BFD4-A3F8BB3902E6} = {D4018720-590D-3358-BFD4-A3F8BB3902E6}
	EndProjectSection
EndProject
Project("{8BC9CEB8-8B4A-11D0-8D11-00A0C91BC942}") = "ext_edtaa3func", "..\..\external\edtaa3func\ext_edtaa3func.vcxproj", "{99DC13CE-ED19-3DA8-B0A2-9529BD9B6A2D}"
	ProjectSection(ProjectDependencies) = postProject
		{D4018720-590D-3358-BFD4-A3F8BB3902E6} = {D4018720-590D-3358-BFD4-A3F8BB3902E6}
	EndProjectSection
EndProject
Project("{8BC9CEB8-8B4A-11D0-8D11-00A0C91BC942}") = "ext_md5", "..\..\external\md5\ext_md5.vcxproj", "{0C783855-280A-397A-9875-67E0ACFD712D}"
	ProjectSection(ProjectDependencies) = postProject
		{D4018720-590D-3358-BFD4-A3F8BB3902E6} = {D4018720-590D-3358-BFD4-A3F8BB3902E6}
	EndProjectSection
EndProject
Project("{8BC9CEB8-8B4A-11D0-8D11-00A0C91BC942}") = "ext_poly2tri", "..\..\external\poly2tri\ext_poly2tri.vcxproj", "{C6F705D2-22AA-3BE5-9FD6-68A4BB1E1BD9}"
	ProjectSection(ProjectDependencies) = postProject
		{D4018720-590D-3358-BFD4-A3F8BB3902E6} = {D4018720-590D-3358-BFD4-A3F8BB3902E6}
	EndProjectSection
EndProject
Project("{8BC9CEB8-8B4A-11D0-8D11-00A0C91BC942}") = "ext_recast", "..\..\external\recast\ext_recast.vcxproj", "{FE0AA76A-E5AA-3727-A618-E8CD6A3AA5A8}"
	ProjectSection(ProjectDependencies) = postProject
		{D4018720-590D-3358-BFD4-A3F8BB3902E6} = {D4018720-590D-3358-BFD4-A3F8BB3902E6}
	EndProjectSection
EndProject
Project("{8BC9CEB8-8B4A-11D0-8D11-00A0C91BC942}") = "ext_tinyxml2", "..\..\external\tinyxml2\ext_tinyxml2.vcxproj", "{20550512-56F6-3443-9E4C-4F9B541228A2}"
	ProjectSection(ProjectDependencies) = postProject
		{D4018720-590D-3358-BFD4-A3F8BB3902E6} = {D4018720-590D-3358-BFD4-A3F8BB3902E6}
	EndProjectSection
EndProject
Project("{8BC9CEB8-8B4A-11D0-8D11-00A0C91BC942}") = "ext_unzip", "..\..\external\unzip\ext_unzip.vcxproj", "{9757B812-64F4-393A-903F-D8B800C3808F}"
	ProjectSection(ProjectDependencies) = postProject
		{D4018720-590D-3358-BFD4-A3F8BB3902E6} = {D4018720-590D-3358-BFD4-A3F8BB3902E6}
	EndProjectSection
EndProject
Project("{8BC9CEB8-8B4A-11D0-8D11-00A0C91BC942}") = "ext_xxhash", "..\..\external\xxhash\ext_xxhash.vcxproj", "{C08DB030-9C55-3F5C-8DE5-30BCD5FDBED0}"
	ProjectSection(ProjectDependencies) = postProject
		{D4018720-590D-3358-BFD4-A3F8BB3902E6} = {D4018720-590D-3358-BFD4-A3F8BB3902E6}
	EndProjectSection
EndProject
Project("{8BC9CEB8-8B4A-11D0-8D11-00A0C91BC942}") = "ext_xxtea", "..\..\external\xxtea\ext_xxtea.vcxproj", "{5B099C9D-84BE-3383-BA41-E2D6475D9772}"
	ProjectSection(ProjectDependencies) = postProject
		{D4018720-590D-3358-BFD4-A3F8BB3902E6} = {D4018720-590D-3358-BFD4-A3F8BB3902E6}
	EndProjectSection
EndProject
Project("{8BC9CEB8-8B4A-11D0-8D11-00A0C91BC942}") = "external", "..\..\external\external.vcxproj", "{4DE798A8-2CF8-37A8-AE4B-6AA71447CA4A}"
	ProjectSection(ProjectDependencies) = postProject
		{D4018720-590D-3358-BFD4-A3F8BB3902E6} = {D4018720-590D-3358-BFD4-A3F8BB3902E6}
		{85191896-EA04-3146-9EEF-143861F34ACB} = {85191896-EA04-3146-9EEF-143861F34ACB}
		{1ABB0E64-AF33-318D-A40F-337C58235566} = {1ABB0E64-AF33-318D-A40F-337C58235566}
		{99DC13CE-ED19-3DA8-B0A2-9529BD9B6A2D} = {99DC13CE-ED19-3DA8-B0A2-9529BD9B6A2D}
		{0C783855-280A-397A-9875-67E0ACFD712D} = {0C783855-280A-397A-9875-67E0ACFD712D}
		{C6F705D2-22AA-3BE5-9FD6-68A4BB1E1BD9} = {C6F705D2-22AA-3BE5-9FD6-68A4BB1E1BD9}
		{FE0AA76A-E5AA-3727-A618-E8CD6A3AA5A8} = {FE0AA76A-E5AA-3727-A618-E8CD6A3AA5A8}
		{20550512-56F6-3443-9E4C-4F9B541228A2} = {20550512-56F6-3443-9E4C-4F9B541228A2}
		{9757B812-64F4-393A-903F-D8B800C3808F} = {9757B812-64F4-393A-903F-D8B800C3808F}
		{C08DB030-9C55-3F5C-8DE5-30BCD5FDBED0} = {C08DB030-9C55-3F5C-8DE5-30BCD5FDBED0}
		{5B099C9D-84BE-3383-BA41-E2D6475D9772} = {5B099C9D-84BE-3383-BA41-E2D6475D9772}
	EndProjectSection
EndProject
Global
	GlobalSection(SolutionConfigurationPlatforms) = preSolution
		Debug|Win32 = Debug|Win32
		Release|Win32 = Release|Win32
		MinSizeRel|Win32 = MinSizeRel|Win32
		RelWithDebInfo|Win32 = RelWithDebInfo|Win32
	EndGlobalSection
	GlobalSection(ProjectConfigurationPlatforms) = postSolution
		{9F045B5D-A6BE-35A3-ACD1-5E995F80916F}.Debug|Win32.ActiveCfg = Debug|Win32
		{9F045B5D-A6BE-35A3-ACD1-5E995F80916F}.Release|Win32.ActiveCfg = Release|Win32
		{9F045B5D-A6BE-35A3-ACD1-5E995F80916F}.MinSizeRel|Win32.ActiveCfg = MinSizeRel|Win32
		{9F045B5D-A6BE-35A3-ACD1-5E995F80916F}.RelWithDebInfo|Win32.ActiveCfg = RelWithDebInfo|Win32
		{D4018720-590D-3358-BFD4-A3F8BB3902E6}.Debug|Win32.ActiveCfg = Debug|Win32
		{D4018720-590D-3358-BFD4-A3F8BB3902E6}.Debug|Win32.Build.0 = Debug|Win32
		{D4018720-590D-3358-BFD4-A3F8BB3902E6}.Release|Win32.ActiveCfg = Release|Win32
		{D4018720-590D-3358-BFD4-A3F8BB3902E6}.Release|Win32.Build.0 = Release|Win32
		{D4018720-590D-3358-BFD4-A3F8BB3902E6}.MinSizeRel|Win32.ActiveCfg = MinSizeRel|Win32
		{D4018720-590D-3358-BFD4-A3F8BB3902E6}.MinSizeRel|Win32.Build.0 = MinSizeRel|Win32
		{D4018720-590D-3358-BFD4-A3F8BB3902E6}.RelWithDebInfo|Win32.ActiveCfg = RelWithDebInfo|Win32
		{D4018720-590D-3358-BFD4-A3F8BB3902E6}.RelWithDebInfo|Win32.Build.0 = RelWithDebInfo|Win32
		{00D176B8-FA6A-3DF8-B0D5-D3354623336C}.Debug|Win32.ActiveCfg = Debug|Win32
		{00D176B8-FA6A-3DF8-B0D5-D3354623336C}.Debug|Win32.Build.0 = Debug|Win32
		{00D176B8-FA6A-3DF8-B0D5-D3354623336C}.Release|Win32.ActiveCfg = Release|Win32
		{00D176B8-FA6A-3DF8-B0D5-D3354623336C}.Release|Win32.Build.0 = Release|Win32
		{00D176B8-FA6A-3DF8-B0D5-D3354623336C}.MinSizeRel|Win32.ActiveCfg = MinSizeRel|Win32
		{00D176B8-FA6A-3DF8-B0D5-D3354623336C}.MinSizeRel|Win32.Build.0 = MinSizeRel|Win32
		{00D176B8-FA6A-3DF8-B0D5-D3354623336C}.RelWithDebInfo|Win32.ActiveCfg = RelWithDebInfo|Win32
		{00D176B8-FA6A-3DF8-B0D5-D3354623336C}.RelWithDebInfo|Win32.Build.0 = RelWithDebInfo|Win32
		{85191896-EA04-3146-9EEF-143861F34ACB}.Debug|Win32.ActiveCfg = Debug|Win32
		{85191896-EA04-3146-9EEF-143861F34ACB}.Debug|Win32.Build.0 = Debug|Win32
		{85191896-EA04-3146-9EEF-143861F34ACB}.Release|Win32.ActiveCfg = Release|Win32
		{85191896-EA04-3146-9EEF-143861F34ACB}.Release|Win32.Build.0 = Release|Win32
		{85191896-EA04-3146-9EEF-143861F34ACB}.MinSizeRel|Win32.ActiveCfg = MinSizeRel|Win32
		{85191896-EA04-3146-9EEF-143861F34ACB}.MinSizeRel|Win32.Build.0 = MinSizeRel|Win32
		{85191896-EA04-3146-9EEF-143861F34ACB}.RelWithDebInfo|Win32.ActiveCfg = RelWithDebInfo|Win32
		{85191896-EA04-3146-9EEF-143861F34ACB}.RelWithDebInfo|Win32.Build.0 = RelWithDebInfo|Win32
		{1ABB0E64-AF33-318D-A40F-337C58235566}.Debug|Win32.ActiveCfg = Debug|Win32
		{1ABB0E64-AF33-318D-A40F-337C58235566}.Debug|Win32.Build.0 = Debug|Win32
		{1ABB0E64-AF33-318D-A40F-337C58235566}.Release|Win32.ActiveCfg = Release|Win32
		{1ABB0E64-AF33-318D-A40F-337C58235566}.Release|Win32.Build.0 = Release|Win32
		{1ABB0E64-AF33-318D-A40F-337C58235566}.MinSizeRel|Win32.ActiveCfg = MinSizeRel|Win32
		{1ABB0E64-AF33-318D-A40F-337C58235566}.MinSizeRel|Win32.Build.0 = MinSizeRel|Win32
		{1ABB0E64-AF33-318D-A40F-337C58235566}.RelWithDebInfo|Win32.ActiveCfg = RelWithDebInfo|Win32
		{1ABB0E64-AF33-318D-A40F-337C58235566}.RelWithDebInfo|Win32.Build.0 = RelWithDebInfo|Win32
		{99DC13CE-ED19-3DA8-B0A2-9529BD9B6A2D}.Debug|Win32.ActiveCfg = Debug|Win32
		{99DC13CE-ED19-3DA8-B0A2-9529BD9B6A2D}.Debug|Win32.Build.0 = Debug|Win32
		{99DC13CE-ED19-3DA8-B0A2-9529BD9B6A2D}.Release|Win32.ActiveCfg = Release|Win32
		{99DC13CE-ED19-3DA8-B0A2-9529BD9B6A2D}.Release|Win32.Build.0 = Release|Win32
		{99DC13CE-ED19-3DA8-B0A2-9529BD9B6A2D}.MinSizeRel|Win32.ActiveCfg = MinSizeRel|Win32
		{99DC13CE-ED19-3DA8-B0A2-9529BD9B6A2D}.MinSizeRel|Win32.Build.0 = MinSizeRel|Win32
		{99DC13CE-ED19-3DA8-B0A2-9529BD9B6A2D}.RelWithDebInfo|Win32.ActiveCfg = RelWithDebInfo|Win32
		{99DC13CE-ED19-3DA8-B0A2-9529BD9B6A2D}.RelWithDebInfo|Win32.Build.0 = RelWithDebInfo|Win32
		{0C783855-280A-397A-9875-67E0ACFD712D}.Debug|Win32.ActiveCfg = Debug|Win32
		{0C783855-280A-397A-9875-67E0ACFD712D}.Debug|Win32.Build.0 = Debug|Win32
		{0C783855-280A-397A-9875-67E0ACFD712D}.Release|Win32.ActiveCfg = Release|Win32
		{0C783855-280A-397A-9875-67E0ACFD712D}.Release|Win32.Build.0 = Release|Win32
		{0C783855-280A-397A-9875-67E0ACFD712D}.MinSizeRel|Win32.ActiveCfg = MinSizeRel|Win32
		{0C783855-280A-397A-9875-67E0ACFD712D}.MinSizeRel|Win32.Build.0 = MinSizeRel|Win32
		{0C783855-280A-397A-9875-67E0ACFD712D}.RelWithDebInfo|Win32.ActiveCfg = RelWithDebInfo|Win32
		{0C783855-280A-397A-9875-67E0ACFD712D}.RelWithDebInfo|Win32.Build.0 = RelWithDebInfo|Win32
		{C6F705D2-22AA-3BE5-9FD6-68A4BB1E1BD9}.Debug|Win32.ActiveCfg = Debug|Win32
		{C6F705D2-22AA-3BE5-9FD6-68A4BB1E1BD9}.Debug|Win32.Build.0 = Debug|Win32
		{C6F705D2-22AA-3BE5-9FD6-68A4BB1E1BD9}.Release|Win32.ActiveCfg = Release|Win32
		{C6F705D2-22AA-3BE5-9FD6-68A4BB1E1BD9}.Release|Win32.Build.0 = Release|Win32
		{C6F705D2-22AA-3BE5-9FD6-68A4BB1E1BD9}.MinSizeRel|Win32.ActiveCfg = MinSizeRel|Win32
		{C6F705D2-22AA-3BE5-9FD6-68A4BB1E1BD9}.MinSizeRel|Win32.Build.0 = MinSizeRel|Win32
		{C6F705D2-22AA-3BE5-9FD6-68A4BB1E1BD9}.RelWithDebInfo|Win32.ActiveCfg = RelWithDebInfo|Win32
		{C6F705D2-22AA-3BE5-9FD6-68A4BB1E1BD9}.RelWithDebInfo|Win32.Build.0 = RelWithDebInfo|Win32
		{FE0AA76A-E5AA-3727-A618-E8CD6A3AA5A8}.Debug|Win32.ActiveCfg = Debug|Win32
		{FE0AA76A-E5AA-3727-A618-E8CD6A3AA5A8}.Debug|Win32.Build.0 = Debug|Win32
		{FE0AA76A-E5AA-3727-A618-E8CD6A3AA5A8}.Release|Win32.ActiveCfg = Release|Win32
		{FE0AA76A-E5AA-3727-A618-E8CD6A3AA5A8}.Release|Win32.Build.0 = Release|Win32
		{FE0AA76A-E5AA-3727-A618-E8CD6A3AA5A8}.MinSizeRel|Win32.ActiveCfg = MinSizeRel|Win32
		{FE0AA76A-E5AA-3727-A618-E8CD6A3AA5A8}.MinSizeRel|Win32.Build.0 = MinSizeRel|Win32
		{FE0AA76A-E5AA-3727-A618-E8CD6A3AA5A8}.RelWithDebInfo|Win32.ActiveCfg = RelWithDebInfo|Win32
		{FE0AA76A-E5AA-3727-A618-E8CD6A3AA5A8}.RelWithDebInfo|Win32.Build.0 = RelWithDebInfo|Win32
		{20550512-56F6-3443-9E4C-4F9B541228A2}.Debug|Win32.ActiveCfg = Debug|Win32
		{20550512-56F6-3443-9E4C-4F9B541228A2}.Debug|Win32.Build.0 = Debug|Win32
		{20550512-56F6-3443-9E4C-4F9B541228A2}.Release|Win32.ActiveCfg = Release|Win32
		{20550512-56F6-3443-9E4C-4F9B541228A2}.Release|Win32.Build.0 = Release|Win32
		{20550512-56F6-3443-9E4C-4F9B541228A2}.MinSizeRel|Win32.ActiveCfg = MinSizeRel|Win32
		{20550512-56F6-3443-9E4C-4F9B541228A2}.MinSizeRel|Win32.Build.0 = MinSizeRel|Win32
		{20550512-56F6-3443-9E4C-4F9B541228A2}.RelWithDebInfo|Win32.ActiveCfg = RelWithDebInfo|Win32
		{20550512-56F6-3443-9E4C-4F9B541228A2}.RelWithDebInfo|Win32.Build.0 = RelWithDebInfo|Win32
		{9757B812-64F4-393A-903F-D8B800C3808F}.Debug|Win32.ActiveCfg = Debug|Win32
		{9757B812-64F4-393A-903F-D8B800C3808F}.Debug|Win32.Build.0 = Debug|Win32
		{9757B812-64F4-393A-903F-D8B800C3808F}.Release|Win32.ActiveCfg = Release|Win32
		{9757B812-64F4-393A-903F-D8B800C3808F}.Release|Win32.Build.0 = Release|Win32
		{9757B812-64F4-393A-903F-D8B800C3808F}.MinSizeRel|Win32.ActiveCfg = MinSizeRel|Win32
		{9757B812-64F4-393A-903F-D8B800C3808F}.MinSizeRel|Win32.Build.0 = MinSizeRel|Win32
		{9757B812-64F4-393A-903F-D8B800C3808F}.RelWithDebInfo|Win32.ActiveCfg = RelWithDebInfo|Win32
		{9757B812-64F4-393A-903F-D8B800C3808F}.RelWithDebInfo|Win32.Build.0 = RelWithDebInfo|Win32
		{C08DB030-9C55-3F5C-8DE5-30BCD5FDBED0}.Debug|Win32.ActiveCfg = Debug|Win32
		{C08DB030-9C55-3F5C-8DE5-30BCD5FDBED0}.Debug|Win32.Build.0 = Debug|Win32
		{C08DB030-9C55-3F5C-8DE5-30BCD5FDBED0}.Release|Win32.ActiveCfg = Release|Win32
		{C08DB030-9C55-3F5C-8DE5-30BCD5FDBED0}.Release|Win32.Build.0 = Release|Win32
		{C08DB030-9C55-3F5C-8DE5-30BCD5FDBED0}.MinSizeRel|Win32.ActiveCfg = MinSizeRel|Win32
		{C08DB030-9C55-3F5C-8DE5-30BCD5FDBED0}.MinSizeRel|Win32.Build.0 = MinSizeRel|Win32
		{C08DB030-9C55-3F5C-8DE5-30BCD5FDBED0}.RelWithDebInfo|Win32.ActiveCfg = RelWithDebInfo|Win32
		{C08DB030-9C55-3F5C-8DE5-30BCD5FDBED0}.RelWithDebInfo|Win32.Build.0 = RelWithDebInfo|Win32
		{5B099C9D-84BE-3383-BA41-E2D6475D9772}.Debug|Win32.ActiveCfg = Debug|Win32
		{5B099C9D-84BE-3383-BA41-E2D6475D9772}.Debug|Win32.Build.0 = Debug|Win32
		{5B099C9D-84BE-3383-BA41-E2D6475D9772}.Release|Win32.ActiveCfg = Release|Win32
		{5B099C9D-84BE-3383-BA41-E2D6475D9772}.Release|Win32.Build.0 = Release|Win32
		{5B099C9D-84BE-3383-BA41-E2D6475D9772}.MinSizeRel|Win32.ActiveCfg = MinSizeRel|Win32
		{5B099C9D-84BE-3383-BA41-E2D6475D9772}.MinSizeRel|Win32.Build.0 = MinSizeRel|Win32
		{5B099C9D-84BE-3383-BA41-E2D6475D9772}.RelWithDebInfo|Win32.ActiveCfg = RelWithDebInfo|Win32
		{5B099C9D-84BE-3383-BA41-E2D6475D9772}.RelWithDebInfo|Win32.Build.0 = RelWithDebInfo|Win32
		{4DE798A8-2CF8-37A8-AE4B-6AA71447CA4A}.Debug|Win32.ActiveCfg = Debug|Win32
		{4DE798A8-2CF8-37A8-AE4B-6AA71447CA4A}.Debug|Win32.Build.0 = Debug|Win32
		{4DE798A8-2CF8-37A8-AE4B-6AA71447CA4A}.Release|Win32.ActiveCfg = Release|Win32
		{4DE798A8-2CF8-37A8-AE4B-6AA71447CA4A}.Release|Win32.Build.0 = Release|Win32
		{4DE798A8-2CF8-37A8-AE4B-6AA71447CA4A}.MinSizeRel|Win32.ActiveCfg = MinSizeRel|Win32
		{4DE798A8-2CF8-37A8-AE4B-6AA71447CA4A}.MinSizeRel|Win32.Build.0 = MinSizeRel|Win32
		{4DE798A8-2CF8-37A8-AE4B-6AA71447CA4A}.RelWithDebInfo|Win32.ActiveCfg = RelWithDebInfo|Win32
		{4DE798A8-2CF8-37A8-AE4B-6AA71447CA4A}.RelWithDebInfo|Win32.Build.0 = RelWithDebInfo|Win32
	EndGlobalSection
	GlobalSection(NestedProjects) = preSolution
		{9F045B5D-A6BE-35A3-ACD1-5E995F80916F} = {71E2CF44-4AFB-38EE-93DA-1F4056591746}
		{D4018720-590D-3358-BFD4-A3F8BB3902E6} = {71E2CF44-4AFB-38EE-93DA-1F4056591746}
		{85191896-EA04-3146-9EEF-143861F34ACB} = {9AB5FADB-44B8-32B7-A991-0D24AB6C924B}
		{1ABB0E64-AF33-318D-A40F-337C58235566} = {9AB5FADB-44B8-32B7-A991-0D24AB6C924B}
		{99DC13CE-ED19-3DA8-B0A2-9529BD9B6A2D} = {9AB5FADB-44B8-32B7-A991-0D24AB6C924B}
		{0C783855-280A-397A-9875-67E0ACFD712D} = {9AB5FADB-44B8-32B7-A991-0D24AB6C924B}
		{C6F705D2-22AA-3BE5-9FD6-68A4BB1E1BD9} = {9AB5FADB-44B8-32B7-A991-0D24AB6C924B}
		{FE0AA76A-E5AA-3727-A618-E8CD6A3AA5A8} = {9AB5FADB-44B8-32B7-A991-0D24AB6C924B}
		{20550512-56F6-3443-9E4C-4F9B541228A2} = {9AB5FADB-44B8-32B7-A991-0D24AB6C924B}
		{9757B812-64F4-393A-903F-D8B800C3808F} = {9AB5FADB-44B8-32B7-A991-0D24AB6C924B}
		{C08DB030-9C55-3F5C-8DE5-30BCD5FDBED0} = {9AB5FADB-44B8-32B7-A991-0D24AB6C924B}
		{5B099C9D-84BE-3383-BA41-E2D6475D9772} = {9AB5FADB-44B8-32B7-A991-0D24AB6C924B}
		{4DE798A8-2CF8-37A8-AE4B-6AA71447CA4A} = {9AB5FADB-44B8-32B7-A991-0D24AB6C924B}
		{00D176B8-FA6A-3DF8-B0D5-D3354623336C} = {52B327B9-8E9D-3A48-BAA0-5D92B12915A3}
	EndGlobalSection
	GlobalSection(ExtensibilityGlobals) = postSolution
		SolutionGuid = {F4DDD246-F25D-36D8-B7B5-180F4A63B1A2}
	EndGlobalSection
	GlobalSection(ExtensibilityAddIns) = postSolution
	EndGlobalSection
EndGlobal
